
Microsoft Visual Studio Solution File, Format Version 12.00
# Visual Studio Version 17
VisualStudioVersion = 17.1.32210.238
MinimumVisualStudioVersion = 10.0.40219.1
Project("{FAE04EC0-301F-11D3-BF4B-00C04F79EFBC}") = "Lesson1_Algorithm", "Lessons_2course\Lesson1_Algorithm.csproj", "{88151E1A-ED47-4DE6-8FE4-0D726C156EDE}"
EndProject
Project("{FAE04EC0-301F-11D3-BF4B-00C04F79EFBC}") = "Lesson2_OOP", "Lesson2_OOP\Lesson2_OOP.csproj", "{5E1BB40B-3FF4-4ACC-A17D-BA3DDB981C3A}"
EndProject
Project("{FAE04EC0-301F-11D3-BF4B-00C04F79EFBC}") = "Task1", "Task1\Task1.csproj", "{6B6A3CB2-8B68-4DEE-AAED-3870575D1BC8}"
EndProject
Project("{FAE04EC0-301F-11D3-BF4B-00C04F79EFBC}") = "Shop", "Shop\Shop.csproj", "{516DB19C-6B2F-4F0C-B592-006FF91BAC12}"
EndProject
Project("{FAE04EC0-301F-11D3-BF4B-00C04F79EFBC}") = "Task2", "Task3\Task2.csproj", "{855D6D6B-D126-4ACE-9F16-0923472D4330}"
EndProject
Project("{9A19103F-16F7-4668-BE54-9A1E7A4F7556}") = "PersonSearch", "PersonSearch\PersonSearch.csproj", "{7F1591EC-5834-4047-AC23-ACC5BAAA5119}"
EndProject
Project("{9A19103F-16F7-4668-BE54-9A1E7A4F7556}") = "Salary System", "Salary System\Salary System.csproj", "{576CA460-6396-4462-97AD-8EE04D4D2FDC}"
EndProject
Project("{9A19103F-16F7-4668-BE54-9A1E7A4F7556}") = "Files", "Files\Files.csproj", "{9D825C9A-574E-4DC4-B3D3-F0D5B40253C6}"
EndProject
Project("{9A19103F-16F7-4668-BE54-9A1E7A4F7556}") = "StreamWriters", "FileStream\StreamWriters.csproj", "{3858D62A-C15A-4F2D-A1D5-E1B5D14E2BB5}"
EndProject
Project("{FAE04EC0-301F-11D3-BF4B-00C04F79EFBC}") = "Task 3", "Task 3\Task 3.csproj", "{4B19917B-9550-4798-8BC4-E9BA049FA976}"
EndProject
Project("{FAE04EC0-301F-11D3-BF4B-00C04F79EFBC}") = "CarPrototype", "CarPrototype\CarPrototype.csproj", "{B3F536CC-BDA8-47EE-A1C2-B6E1FCD3EE04}"
EndProject
Global
	GlobalSection(SolutionConfigurationPlatforms) = preSolution
		Debug|Any CPU = Debug|Any CPU
		Release|Any CPU = Release|Any CPU
	EndGlobalSection
	GlobalSection(ProjectConfigurationPlatforms) = postSolution
		{88151E1A-ED47-4DE6-8FE4-0D726C156EDE}.Debug|Any CPU.ActiveCfg = Debug|Any CPU
		{88151E1A-ED47-4DE6-8FE4-0D726C156EDE}.Debug|Any CPU.Build.0 = Debug|Any CPU
		{88151E1A-ED47-4DE6-8FE4-0D726C156EDE}.Release|Any CPU.ActiveCfg = Release|Any CPU
		{88151E1A-ED47-4DE6-8FE4-0D726C156EDE}.Release|Any CPU.Build.0 = Release|Any CPU
		{5E1BB40B-3FF4-4ACC-A17D-BA3DDB981C3A}.Debug|Any CPU.ActiveCfg = Debug|Any CPU
		{5E1BB40B-3FF4-4ACC-A17D-BA3DDB981C3A}.Debug|Any CPU.Build.0 = Debug|Any CPU
		{5E1BB40B-3FF4-4ACC-A17D-BA3DDB981C3A}.Release|Any CPU.ActiveCfg = Release|Any CPU
		{5E1BB40B-3FF4-4ACC-A17D-BA3DDB981C3A}.Release|Any CPU.Build.0 = Release|Any CPU
		{6B6A3CB2-8B68-4DEE-AAED-3870575D1BC8}.Debug|Any CPU.ActiveCfg = Debug|Any CPU
		{6B6A3CB2-8B68-4DEE-AAED-3870575D1BC8}.Debug|Any CPU.Build.0 = Debug|Any CPU
		{6B6A3CB2-8B68-4DEE-AAED-3870575D1BC8}.Release|Any CPU.ActiveCfg = Release|Any CPU
		{6B6A3CB2-8B68-4DEE-AAED-3870575D1BC8}.Release|Any CPU.Build.0 = Release|Any CPU
		{516DB19C-6B2F-4F0C-B592-006FF91BAC12}.Debug|Any CPU.ActiveCfg = Debug|Any CPU
		{516DB19C-6B2F-4F0C-B592-006FF91BAC12}.Debug|Any CPU.Build.0 = Debug|Any CPU
		{516DB19C-6B2F-4F0C-B592-006FF91BAC12}.Release|Any CPU.ActiveCfg = Release|Any CPU
		{516DB19C-6B2F-4F0C-B592-006FF91BAC12}.Release|Any CPU.Build.0 = Release|Any CPU
		{855D6D6B-D126-4ACE-9F16-0923472D4330}.Debug|Any CPU.ActiveCfg = Debug|Any CPU
		{855D6D6B-D126-4ACE-9F16-0923472D4330}.Debug|Any CPU.Build.0 = Debug|Any CPU
		{855D6D6B-D126-4ACE-9F16-0923472D4330}.Release|Any CPU.ActiveCfg = Release|Any CPU
		{855D6D6B-D126-4ACE-9F16-0923472D4330}.Release|Any CPU.Build.0 = Release|Any CPU
		{7F1591EC-5834-4047-AC23-ACC5BAAA5119}.Debug|Any CPU.ActiveCfg = Debug|Any CPU
		{7F1591EC-5834-4047-AC23-ACC5BAAA5119}.Debug|Any CPU.Build.0 = Debug|Any CPU
		{7F1591EC-5834-4047-AC23-ACC5BAAA5119}.Release|Any CPU.ActiveCfg = Release|Any CPU
		{7F1591EC-5834-4047-AC23-ACC5BAAA5119}.Release|Any CPU.Build.0 = Release|Any CPU
		{576CA460-6396-4462-97AD-8EE04D4D2FDC}.Debug|Any CPU.ActiveCfg = Debug|Any CPU
		{576CA460-6396-4462-97AD-8EE04D4D2FDC}.Debug|Any CPU.Build.0 = Debug|Any CPU
		{576CA460-6396-4462-97AD-8EE04D4D2FDC}.Release|Any CPU.ActiveCfg = Release|Any CPU
		{576CA460-6396-4462-97AD-8EE04D4D2FDC}.Release|Any CPU.Build.0 = Release|Any CPU
		{9D825C9A-574E-4DC4-B3D3-F0D5B40253C6}.Debug|Any CPU.ActiveCfg = Debug|Any CPU
		{9D825C9A-574E-4DC4-B3D3-F0D5B40253C6}.Debug|Any CPU.Build.0 = Debug|Any CPU
		{9D825C9A-574E-4DC4-B3D3-F0D5B40253C6}.Release|Any CPU.ActiveCfg = Release|Any CPU
		{9D825C9A-574E-4DC4-B3D3-F0D5B40253C6}.Release|Any CPU.Build.0 = Release|Any CPU
		{3858D62A-C15A-4F2D-A1D5-E1B5D14E2BB5}.Debug|Any CPU.ActiveCfg = Debug|Any CPU
		{3858D62A-C15A-4F2D-A1D5-E1B5D14E2BB5}.Debug|Any CPU.Build.0 = Debug|Any CPU
		{3858D62A-C15A-4F2D-A1D5-E1B5D14E2BB5}.Release|Any CPU.ActiveCfg = Release|Any CPU
		{3858D62A-C15A-4F2D-A1D5-E1B5D14E2BB5}.Release|Any CPU.Build.0 = Release|Any CPU
		{4B19917B-9550-4798-8BC4-E9BA049FA976}.Debug|Any CPU.ActiveCfg = Debug|Any CPU
		{4B19917B-9550-4798-8BC4-E9BA049FA976}.Debug|Any CPU.Build.0 = Debug|Any CPU
		{4B19917B-9550-4798-8BC4-E9BA049FA976}.Release|Any CPU.ActiveCfg = Release|Any CPU
		{4B19917B-9550-4798-8BC4-E9BA049FA976}.Release|Any CPU.Build.0 = Release|Any CPU
		{B3F536CC-BDA8-47EE-A1C2-B6E1FCD3EE04}.Debug|Any CPU.ActiveCfg = Debug|Any CPU
		{B3F536CC-BDA8-47EE-A1C2-B6E1FCD3EE04}.Debug|Any CPU.Build.0 = Debug|Any CPU
		{B3F536CC-BDA8-47EE-A1C2-B6E1FCD3EE04}.Release|Any CPU.ActiveCfg = Release|Any CPU
		{B3F536CC-BDA8-47EE-A1C2-B6E1FCD3EE04}.Release|Any CPU.Build.0 = Release|Any CPU
	EndGlobalSection
	GlobalSection(SolutionProperties) = preSolution
		HideSolutionNode = FALSE
	EndGlobalSection
	GlobalSection(ExtensibilityGlobals) = postSolution
		SolutionGuid = {CF185234-FA0A-4F4E-9661-0C87ED6A2975}
	EndGlobalSection
EndGlobal
