
Microsoft Visual Studio Solution File, Format Version 12.00
# Visual Studio Version 17
VisualStudioVersion = 17.1.32210.238
MinimumVisualStudioVersion = 10.0.40219.1
Project("{FAE04EC0-301F-11D3-BF4B-00C04F79EFBC}") = "Lesson1_Algorithm", "Lessons_2course\Lesson1_Algorithm.csproj", "{88151E1A-ED47-4DE6-8FE4-0D726C156EDE}"
EndProject
Project("{FAE04EC0-301F-11D3-BF4B-00C04F79EFBC}") = "Lesson2_OOP", "Lesson2_OOP\Lesson2_OOP.csproj", "{5E1BB40B-3FF4-4ACC-A17D-BA3DDB981C3A}"
EndProject
Project("{FAE04EC0-301F-11D3-BF4B-00C04F79EFBC}") = "Task1", "Task1\Task1.csproj", "{6B6A3CB2-8B68-4DEE-AAED-3870575D1BC8}"
EndProject
Project("{FAE04EC0-301F-11D3-BF4B-00C04F79EFBC}") = "Task2", "Task2\Task2.csproj", "{8C029979-41D5-4B18-8977-BCC4A27166EE}"
EndProject
Project("{FAE04EC0-301F-11D3-BF4B-00C04F79EFBC}") = "Shop", "Shop\Shop.csproj", "{516DB19C-6B2F-4F0C-B592-006FF91BAC12}"
EndProject
Global
	GlobalSection(SolutionConfigurationPlatforms) = preSolution
		Debug|Any CPU = Debug|Any CPU
		Release|Any CPU = Release|Any CPU
	EndGlobalSection
	GlobalSection(ProjectConfigurationPlatforms) = postSolution
		{88151E1A-ED47-4DE6-8FE4-0D726C156EDE}.Debug|Any CPU.ActiveCfg = Debug|Any CPU
		{88151E1A-ED47-4DE6-8FE4-0D726C156EDE}.Debug|Any CPU.Build.0 = Debug|Any CPU
		{88151E1A-ED47-4DE6-8FE4-0D726C156EDE}.Release|Any CPU.ActiveCfg = Release|Any CPU
		{88151E1A-ED47-4DE6-8FE4-0D726C156EDE}.Release|Any CPU.Build.0 = Release|Any CPU
		{5E1BB40B-3FF4-4ACC-A17D-BA3DDB981C3A}.Debug|Any CPU.ActiveCfg = Debug|Any CPU
		{5E1BB40B-3FF4-4ACC-A17D-BA3DDB981C3A}.Debug|Any CPU.Build.0 = Debug|Any CPU
		{5E1BB40B-3FF4-4ACC-A17D-BA3DDB981C3A}.Release|Any CPU.ActiveCfg = Release|Any CPU
		{5E1BB40B-3FF4-4ACC-A17D-BA3DDB981C3A}.Release|Any CPU.Build.0 = Release|Any CPU
		{6B6A3CB2-8B68-4DEE-AAED-3870575D1BC8}.Debug|Any CPU.ActiveCfg = Debug|Any CPU
		{6B6A3CB2-8B68-4DEE-AAED-3870575D1BC8}.Debug|Any CPU.Build.0 = Debug|Any CPU
		{6B6A3CB2-8B68-4DEE-AAED-3870575D1BC8}.Release|Any CPU.ActiveCfg = Release|Any CPU
		{6B6A3CB2-8B68-4DEE-AAED-3870575D1BC8}.Release|Any CPU.Build.0 = Release|Any CPU
		{8C029979-41D5-4B18-8977-BCC4A27166EE}.Debug|Any CPU.ActiveCfg = Debug|Any CPU
		{8C029979-41D5-4B18-8977-BCC4A27166EE}.Debug|Any CPU.Build.0 = Debug|Any CPU
		{8C029979-41D5-4B18-8977-BCC4A27166EE}.Release|Any CPU.ActiveCfg = Release|Any CPU
		{8C029979-41D5-4B18-8977-BCC4A27166EE}.Release|Any CPU.Build.0 = Release|Any CPU
		{516DB19C-6B2F-4F0C-B592-006FF91BAC12}.Debug|Any CPU.ActiveCfg = Debug|Any CPU
		{516DB19C-6B2F-4F0C-B592-006FF91BAC12}.Debug|Any CPU.Build.0 = Debug|Any CPU
		{516DB19C-6B2F-4F0C-B592-006FF91BAC12}.Release|Any CPU.ActiveCfg = Release|Any CPU
		{516DB19C-6B2F-4F0C-B592-006FF91BAC12}.Release|Any CPU.Build.0 = Release|Any CPU
	EndGlobalSection
	GlobalSection(SolutionProperties) = preSolution
		HideSolutionNode = FALSE
	EndGlobalSection
	GlobalSection(ExtensibilityGlobals) = postSolution
		SolutionGuid = {CF185234-FA0A-4F4E-9661-0C87ED6A2975}
	EndGlobalSection
EndGlobal
